Microsoft Visual Studio Solution File, Format Version 8.00
Project("{8BC9CEB8-8B4A-11D0-8D11-00A0C91BC942}") = "polibiy", "polibiy.vcproj", "{1D866C75-A462-44D3-8146-2DDA6BCDE6BD}"
	ProjectSection(ProjectDependencies) = postProject
	EndProjectSection
EndProject
Global
	GlobalSection(SolutionConfiguration) = preSolution
		Debug = Debug
		Release = Release
	EndGlobalSection
	GlobalSection(ProjectConfiguration) = postSolution
		{1D866C75-A462-44D3-8146-2DDA6BCDE6BD}.Debug.ActiveCfg = Debug|Win32
		{1D866C75-A462-44D3-8146-2DDA6BCDE6BD}.Debug.Build.0 = Debug|Win32
		{1D866C75-A462-44D3-8146-2DDA6BCDE6BD}.Release.ActiveCfg = Release|Win32
		{1D866C75-A462-44D3-8146-2DDA6BCDE6BD}.Release.Build.0 = Release|Win32
	EndGlobalSection
	GlobalSection(ExtensibilityGlobals) = postSolution
	EndGlobalSection
	GlobalSection(ExtensibilityAddIns) = postSolution
	EndGlobalSection
EndGlobal
